// !$*UTF8*$!
{
	archiveVersion = 1;
	classes = {
	};
	objectVersion = 55;
	objects = {

/* Begin PBXBuildFile section */
		410BD18528D09A5F0035FB2C /* AppViewModel.swift in Sources */ = {isa = PBXBuildFile; fileRef = 410BD18428D09A5F0035FB2C /* AppViewModel.swift */; };
		410BD18828D1C5C30035FB2C /* FeedItemCard.swift in Sources */ = {isa = PBXBuildFile; fileRef = 410BD18728D1C5C30035FB2C /* FeedItemCard.swift */; };
		410BD18B28D1C86B0035FB2C /* Post.swift in Sources */ = {isa = PBXBuildFile; fileRef = 410BD18A28D1C86B0035FB2C /* Post.swift */; };
		410BD18D28D1CB080035FB2C /* Images.xcassets in Resources */ = {isa = PBXBuildFile; fileRef = 410BD18C28D1CB080035FB2C /* Images.xcassets */; };
		410ED08728FEF79300A433EC /* GridCard.swift in Sources */ = {isa = PBXBuildFile; fileRef = 410ED08628FEF79300A433EC /* GridCard.swift */; };
		410ED0892902D81300A433EC /* FollowService.swift in Sources */ = {isa = PBXBuildFile; fileRef = 410ED0882902D81300A433EC /* FollowService.swift */; };
		410ED08B2902E38500A433EC /* Follow.swift in Sources */ = {isa = PBXBuildFile; fileRef = 410ED08A2902E38500A433EC /* Follow.swift */; };
		410F642528D1CDBE00D13C00 /* Strings.swift in Sources */ = {isa = PBXBuildFile; fileRef = 410F642328D1CDBE00D13C00 /* Strings.swift */; };
		410F642628D1CDBE00D13C00 /* Assets.swift in Sources */ = {isa = PBXBuildFile; fileRef = 410F642428D1CDBE00D13C00 /* Assets.swift */; };
		410F642828D1F88800D13C00 /* FeedViewModel.swift in Sources */ = {isa = PBXBuildFile; fileRef = 410F642728D1F88800D13C00 /* FeedViewModel.swift */; };
		4110AF61290D824B004284F9 /* CoverPhotoEditScreen.swift in Sources */ = {isa = PBXBuildFile; fileRef = 4110AF60290D824B004284F9 /* CoverPhotoEditScreen.swift */; };
		4110AF64291123B4004284F9 /* ImagePicker.swift in Sources */ = {isa = PBXBuildFile; fileRef = 4110AF63291123B4004284F9 /* ImagePicker.swift */; };
		4110AF6929118226004284F9 /* CreatePostPage.swift in Sources */ = {isa = PBXBuildFile; fileRef = 4110AF6829118226004284F9 /* CreatePostPage.swift */; };
		4126839928E8BA8C009F0CFA /* PhotoDataLabel.swift in Sources */ = {isa = PBXBuildFile; fileRef = 4126839828E8BA8C009F0CFA /* PhotoDataLabel.swift */; };
		41285F5128FC478D006079A9 /* User.swift in Sources */ = {isa = PBXBuildFile; fileRef = 41285F5028FC478C006079A9 /* User.swift */; };
		41285F5628FD58EC006079A9 /* UserService.swift in Sources */ = {isa = PBXBuildFile; fileRef = 41285F5528FD58EC006079A9 /* UserService.swift */; };
		4130D89D291E51E900896FF4 /* Comment.swift in Sources */ = {isa = PBXBuildFile; fileRef = 4130D89C291E51E800896FF4 /* Comment.swift */; };
		4130D89F291E52CB00896FF4 /* CommentService.swift in Sources */ = {isa = PBXBuildFile; fileRef = 4130D89E291E52CB00896FF4 /* CommentService.swift */; };
		4130D8A1291FA34600896FF4 /* CommentRow.swift in Sources */ = {isa = PBXBuildFile; fileRef = 4130D8A0291FA34600896FF4 /* CommentRow.swift */; };
		4130D8A4291FADD800896FF4 /* CommentsScreen.swift in Sources */ = {isa = PBXBuildFile; fileRef = 4130D8A3291FADD800896FF4 /* CommentsScreen.swift */; };
		413393E328C749D00001FC74 /* AuthenticationScreen.swift in Sources */ = {isa = PBXBuildFile; fileRef = 413393E228C749D00001FC74 /* AuthenticationScreen.swift */; };
		413393E828C74F640001FC74 /* Localizable.strings in Resources */ = {isa = PBXBuildFile; fileRef = 413393EA28C74F640001FC74 /* Localizable.strings */; };
		4134BD2E28C881AA005F02FD /* AuthenticationViewModel.swift in Sources */ = {isa = PBXBuildFile; fileRef = 4134BD2D28C881AA005F02FD /* AuthenticationViewModel.swift */; };
		4134BD3328C8885B005F02FD /* ViewExtension.swift in Sources */ = {isa = PBXBuildFile; fileRef = 4134BD3228C8885B005F02FD /* ViewExtension.swift */; };
		4134BD3528C89B8E005F02FD /* RegisterInputGroup.swift in Sources */ = {isa = PBXBuildFile; fileRef = 4134BD3428C89B8E005F02FD /* RegisterInputGroup.swift */; };
		4134BD3828C89DDD005F02FD /* DSTextField.swift in Sources */ = {isa = PBXBuildFile; fileRef = 4134BD3728C89DDD005F02FD /* DSTextField.swift */; };
		413E23B22930189000DB36EE /* GoogleSignInButton.swift in Sources */ = {isa = PBXBuildFile; fileRef = 413E23B12930189000DB36EE /* GoogleSignInButton.swift */; };
		413E23B52930DD0800DB36EE /* CreateNameScreen.swift in Sources */ = {isa = PBXBuildFile; fileRef = 413E23B42930DD0800DB36EE /* CreateNameScreen.swift */; };
		41429C4928C6750000F7B0D7 /* DarkslideApp.swift in Sources */ = {isa = PBXBuildFile; fileRef = 41429C4828C6750000F7B0D7 /* DarkslideApp.swift */; };
		41429C4B28C6750000F7B0D7 /* ContentView.swift in Sources */ = {isa = PBXBuildFile; fileRef = 41429C4A28C6750000F7B0D7 /* ContentView.swift */; };
		41429C4D28C6750100F7B0D7 /* Colors.xcassets in Resources */ = {isa = PBXBuildFile; fileRef = 41429C4C28C6750100F7B0D7 /* Colors.xcassets */; };
		41429C5028C6750100F7B0D7 /* Preview Assets.xcassets in Resources */ = {isa = PBXBuildFile; fileRef = 41429C4F28C6750100F7B0D7 /* Preview Assets.xcassets */; };
		41514FDD28E61DF300BBD19B /* PostViewModel.swift in Sources */ = {isa = PBXBuildFile; fileRef = 41514FDC28E61DF300BBD19B /* PostViewModel.swift */; };
		41514FDF28E61EA400BBD19B /* PostDetailsScreen.swift in Sources */ = {isa = PBXBuildFile; fileRef = 41514FDE28E61EA400BBD19B /* PostDetailsScreen.swift */; };
		4164DA0F2913B15F00B5EAB8 /* PostListCard.swift in Sources */ = {isa = PBXBuildFile; fileRef = 4164DA0E2913B15F00B5EAB8 /* PostListCard.swift */; };
		41675CAA292C25D20086804F /* Exists.swift in Sources */ = {isa = PBXBuildFile; fileRef = 41675CA9292C25D20086804F /* Exists.swift */; };
		41675CAC292D3FD60086804F /* Username.swift in Sources */ = {isa = PBXBuildFile; fileRef = 41675CAB292D3FD60086804F /* Username.swift */; };
		41675CAE292E84240086804F /* HashableUserUID.swift in Sources */ = {isa = PBXBuildFile; fileRef = 41675CAD292E84240086804F /* HashableUserUID.swift */; };
		41675CB0292EC9CC0086804F /* FeedItemCardViewModel.swift in Sources */ = {isa = PBXBuildFile; fileRef = 41675CAF292EC9CC0086804F /* FeedItemCardViewModel.swift */; };
		416A6ADC2912770E00D77347 /* SearchViewModel.swift in Sources */ = {isa = PBXBuildFile; fileRef = 416A6ADB2912770E00D77347 /* SearchViewModel.swift */; };
		416A6ADF2912836F00D77347 /* ProfileListCard.swift in Sources */ = {isa = PBXBuildFile; fileRef = 416A6ADE2912836F00D77347 /* ProfileListCard.swift */; };
		417C230E28D85F64007EFAC1 /* HttpClient.swift in Sources */ = {isa = PBXBuildFile; fileRef = 417C230D28D85F64007EFAC1 /* HttpClient.swift */; };
		417C231028D8622E007EFAC1 /* PostService.swift in Sources */ = {isa = PBXBuildFile; fileRef = 417C230F28D8622E007EFAC1 /* PostService.swift */; };
		418CB95B29290E1E0098E7E4 /* ProfilePhotoEditScreen.swift in Sources */ = {isa = PBXBuildFile; fileRef = 418CB95A29290E1E0098E7E4 /* ProfilePhotoEditScreen.swift */; };
		4196A73628CB698D00EECECC /* LoginInputGroup.swift in Sources */ = {isa = PBXBuildFile; fileRef = 4196A73528CB698D00EECECC /* LoginInputGroup.swift */; };
		4196A73828CB6AFF00EECECC /* StringExtension.swift in Sources */ = {isa = PBXBuildFile; fileRef = 4196A73728CB6AFF00EECECC /* StringExtension.swift */; };
		4196A73B28CC6D2100EECECC /* DSButton.swift in Sources */ = {isa = PBXBuildFile; fileRef = 4196A73A28CC6D2100EECECC /* DSButton.swift */; };
		4196A73D28CC75CF00EECECC /* Layout.swift in Sources */ = {isa = PBXBuildFile; fileRef = 4196A73C28CC75CF00EECECC /* Layout.swift */; };
		4196A73F28CC8AB600EECECC /* GoogleService-Info.plist in Resources */ = {isa = PBXBuildFile; fileRef = 4196A73E28CC8AB600EECECC /* GoogleService-Info.plist */; };
		4196A74228CC972A00EECECC /* AuthenticationService.swift in Sources */ = {isa = PBXBuildFile; fileRef = 4196A74128CC972A00EECECC /* AuthenticationService.swift */; };
		4196A74528CF32BA00EECECC /* DashboardContainerView.swift in Sources */ = {isa = PBXBuildFile; fileRef = 4196A74428CF32BA00EECECC /* DashboardContainerView.swift */; };
		4196A74728CF32CC00EECECC /* FeedScreen.swift in Sources */ = {isa = PBXBuildFile; fileRef = 4196A74628CF32CC00EECECC /* FeedScreen.swift */; };
		4196A74C28CF331600EECECC /* SearchScreen.swift in Sources */ = {isa = PBXBuildFile; fileRef = 4196A74B28CF331600EECECC /* SearchScreen.swift */; };
		4196A74E28CF333200EECECC /* AccountScreen.swift in Sources */ = {isa = PBXBuildFile; fileRef = 4196A74D28CF333200EECECC /* AccountScreen.swift */; };
		41B133C828F3379D00244BE2 /* DSSnackBar.swift in Sources */ = {isa = PBXBuildFile; fileRef = 41B133C728F3379D00244BE2 /* DSSnackBar.swift */; };
		41BC921F2906AF0B0051E428 /* Count.swift in Sources */ = {isa = PBXBuildFile; fileRef = 41BC921E2906AF0B0051E428 /* Count.swift */; };
		41C5ABDE28F81476005516D0 /* DateExtension.swift in Sources */ = {isa = PBXBuildFile; fileRef = 41C5ABDD28F81476005516D0 /* DateExtension.swift */; };
		41C9A02828EF1AB9008DC46D /* DescriptionCard.swift in Sources */ = {isa = PBXBuildFile; fileRef = 41C9A02728EF1AB9008DC46D /* DescriptionCard.swift */; };
		41CD16DE29083B1A0006C51B /* AccountSettingsDestination.swift in Sources */ = {isa = PBXBuildFile; fileRef = 41CD16DD29083B1A0006C51B /* AccountSettingsDestination.swift */; };
		41CD16E029083D710006C51B /* OnboardingScreen.swift in Sources */ = {isa = PBXBuildFile; fileRef = 41CD16DF29083D710006C51B /* OnboardingScreen.swift */; };
		41CD16E229084FAA0006C51B /* BioEditScreen.swift in Sources */ = {isa = PBXBuildFile; fileRef = 41CD16E129084FAA0006C51B /* BioEditScreen.swift */; };
		41CEA21528F5E201005FFA88 /* AccountSettingsScreen.swift in Sources */ = {isa = PBXBuildFile; fileRef = 41CEA21428F5E201005FFA88 /* AccountSettingsScreen.swift */; };
		41D1146328CFA9EF00966BB1 /* AccountViewModel.swift in Sources */ = {isa = PBXBuildFile; fileRef = 41D1146228CFA9EF00966BB1 /* AccountViewModel.swift */; };
		41D41E1B2914F4CD009DBED8 /* AccountSettingsViewModel.swift in Sources */ = {isa = PBXBuildFile; fileRef = 41D41E1A2914F4CD009DBED8 /* AccountSettingsViewModel.swift */; };
		41D41E1E291511DA009DBED8 /* ProfileScreen.swift in Sources */ = {isa = PBXBuildFile; fileRef = 41D41E1D291511DA009DBED8 /* ProfileScreen.swift */; };
		41D41E21291511F9009DBED8 /* ProfileViewModel.swift in Sources */ = {isa = PBXBuildFile; fileRef = 41D41E20291511F9009DBED8 /* ProfileViewModel.swift */; };
		41D41E2429154980009DBED8 /* UserDetailsScrollView.swift in Sources */ = {isa = PBXBuildFile; fileRef = 41D41E2329154980009DBED8 /* UserDetailsScrollView.swift */; };
		41D41E2629182B8A009DBED8 /* FollowButton.swift in Sources */ = {isa = PBXBuildFile; fileRef = 41D41E2529182B8A009DBED8 /* FollowButton.swift */; };
		41DBD91B28F1701C0078B58F /* PostEditScreen.swift in Sources */ = {isa = PBXBuildFile; fileRef = 41DBD91A28F1701C0078B58F /* PostEditScreen.swift */; };
		41DBD91D28F170740078B58F /* PostEditViewModel.swift in Sources */ = {isa = PBXBuildFile; fileRef = 41DBD91C28F170740078B58F /* PostEditViewModel.swift */; };
		41DBD91F28F17CD60078B58F /* ExifDataPickerGroup.swift in Sources */ = {isa = PBXBuildFile; fileRef = 41DBD91E28F17CD60078B58F /* ExifDataPickerGroup.swift */; };
		41E45E6628F05CF00050142D /* DIContainer.swift in Sources */ = {isa = PBXBuildFile; fileRef = 41E45E6528F05CF00050142D /* DIContainer.swift */; };
		41F4AC8E28D8B1AE0065C6B1 /* CreatePostPhotoSelectorPage.swift in Sources */ = {isa = PBXBuildFile; fileRef = 41F4AC8D28D8B1AE0065C6B1 /* CreatePostPhotoSelectorPage.swift */; };
		41F4AC9128D8B6EE0065C6B1 /* CreatePostViewModel.swift in Sources */ = {isa = PBXBuildFile; fileRef = 41F4AC9028D8B6EE0065C6B1 /* CreatePostViewModel.swift */; };
		41F4AC9328D8FBB00065C6B1 /* DSMultilineTextField.swift in Sources */ = {isa = PBXBuildFile; fileRef = 41F4AC9228D8FBB00065C6B1 /* DSMultilineTextField.swift */; };
		41F4AC9528D9A4810065C6B1 /* CreatePostInfoPage.swift in Sources */ = {isa = PBXBuildFile; fileRef = 41F4AC9428D9A4810065C6B1 /* CreatePostInfoPage.swift */; };
		41F8C86728ED76E100C9A2E4 /* DataExtension.swift in Sources */ = {isa = PBXBuildFile; fileRef = 41F8C86628ED76E100C9A2E4 /* DataExtension.swift */; };
		9DBB306B81772B272BB20881 /* Pods_Darkslide.framework in Frameworks */ = {isa = PBXBuildFile; fileRef = 7A357BF76C9CB7DF89B3EC74 /* Pods_Darkslide.framework */; };
/* End PBXBuildFile section */

/* Begin PBXFileReference section */
		410BD18428D09A5F0035FB2C /* AppViewModel.swift */ = {isa = PBXFileReference; lastKnownFileType = sourcecode.swift; path = AppViewModel.swift; sourceTree = "<group>"; };
		410BD18728D1C5C30035FB2C /* FeedItemCard.swift */ = {isa = PBXFileReference; lastKnownFileType = sourcecode.swift; path = FeedItemCard.swift; sourceTree = "<group>"; };
		410BD18A28D1C86B0035FB2C /* Post.swift */ = {isa = PBXFileReference; lastKnownFileType = sourcecode.swift; path = Post.swift; sourceTree = "<group>"; };
		410BD18C28D1CB080035FB2C /* Images.xcassets */ = {isa = PBXFileReference; lastKnownFileType = folder.assetcatalog; path = Images.xcassets; sourceTree = "<group>"; };
		410ED08628FEF79300A433EC /* GridCard.swift */ = {isa = PBXFileReference; lastKnownFileType = sourcecode.swift; path = GridCard.swift; sourceTree = "<group>"; };
		410ED0882902D81300A433EC /* FollowService.swift */ = {isa = PBXFileReference; lastKnownFileType = sourcecode.swift; path = FollowService.swift; sourceTree = "<group>"; };
		410ED08A2902E38500A433EC /* Follow.swift */ = {isa = PBXFileReference; lastKnownFileType = sourcecode.swift; path = Follow.swift; sourceTree = "<group>"; };
		410F642328D1CDBE00D13C00 /* Strings.swift */ = {isa = PBXFileReference; fileEncoding = 4; lastKnownFileType = sourcecode.swift; path = Strings.swift; sourceTree = "<group>"; };
		410F642428D1CDBE00D13C00 /* Assets.swift */ = {isa = PBXFileReference; fileEncoding = 4; lastKnownFileType = sourcecode.swift; path = Assets.swift; sourceTree = "<group>"; };
		410F642728D1F88800D13C00 /* FeedViewModel.swift */ = {isa = PBXFileReference; lastKnownFileType = sourcecode.swift; path = FeedViewModel.swift; sourceTree = "<group>"; };
		4110AF60290D824B004284F9 /* CoverPhotoEditScreen.swift */ = {isa = PBXFileReference; lastKnownFileType = sourcecode.swift; path = CoverPhotoEditScreen.swift; sourceTree = "<group>"; };
		4110AF63291123B4004284F9 /* ImagePicker.swift */ = {isa = PBXFileReference; lastKnownFileType = sourcecode.swift; path = ImagePicker.swift; sourceTree = "<group>"; };
		4110AF6829118226004284F9 /* CreatePostPage.swift */ = {isa = PBXFileReference; lastKnownFileType = sourcecode.swift; path = CreatePostPage.swift; sourceTree = "<group>"; };
		4126839828E8BA8C009F0CFA /* PhotoDataLabel.swift */ = {isa = PBXFileReference; lastKnownFileType = sourcecode.swift; path = PhotoDataLabel.swift; sourceTree = "<group>"; };
		41285F5028FC478C006079A9 /* User.swift */ = {isa = PBXFileReference; lastKnownFileType = sourcecode.swift; path = User.swift; sourceTree = "<group>"; };
		41285F5528FD58EC006079A9 /* UserService.swift */ = {isa = PBXFileReference; lastKnownFileType = sourcecode.swift; path = UserService.swift; sourceTree = "<group>"; };
		4130D89C291E51E800896FF4 /* Comment.swift */ = {isa = PBXFileReference; lastKnownFileType = sourcecode.swift; path = Comment.swift; sourceTree = "<group>"; };
		4130D89E291E52CB00896FF4 /* CommentService.swift */ = {isa = PBXFileReference; lastKnownFileType = sourcecode.swift; path = CommentService.swift; sourceTree = "<group>"; };
		4130D8A0291FA34600896FF4 /* CommentRow.swift */ = {isa = PBXFileReference; lastKnownFileType = sourcecode.swift; path = CommentRow.swift; sourceTree = "<group>"; };
		4130D8A3291FADD800896FF4 /* CommentsScreen.swift */ = {isa = PBXFileReference; lastKnownFileType = sourcecode.swift; path = CommentsScreen.swift; sourceTree = "<group>"; };
		413393E228C749D00001FC74 /* AuthenticationScreen.swift */ = {isa = PBXFileReference; lastKnownFileType = sourcecode.swift; path = AuthenticationScreen.swift; sourceTree = "<group>"; };
		413393E928C74F640001FC74 /* en */ = {isa = PBXFileReference; lastKnownFileType = text.plist.strings; name = en; path = en.lproj/Localizable.strings; sourceTree = "<group>"; };
		4134BD2D28C881AA005F02FD /* AuthenticationViewModel.swift */ = {isa = PBXFileReference; lastKnownFileType = sourcecode.swift; path = AuthenticationViewModel.swift; sourceTree = "<group>"; };
		4134BD3228C8885B005F02FD /* ViewExtension.swift */ = {isa = PBXFileReference; lastKnownFileType = sourcecode.swift; path = ViewExtension.swift; sourceTree = "<group>"; };
		4134BD3428C89B8E005F02FD /* RegisterInputGroup.swift */ = {isa = PBXFileReference; lastKnownFileType = sourcecode.swift; path = RegisterInputGroup.swift; sourceTree = "<group>"; };
		4134BD3728C89DDD005F02FD /* DSTextField.swift */ = {isa = PBXFileReference; lastKnownFileType = sourcecode.swift; path = DSTextField.swift; sourceTree = "<group>"; };
		413E23B12930189000DB36EE /* GoogleSignInButton.swift */ = {isa = PBXFileReference; lastKnownFileType = sourcecode.swift; path = GoogleSignInButton.swift; sourceTree = "<group>"; };
		413E23B3293020DB00DB36EE /* Info.plist */ = {isa = PBXFileReference; lastKnownFileType = text.plist; path = Info.plist; sourceTree = "<group>"; };
		413E23B42930DD0800DB36EE /* CreateNameScreen.swift */ = {isa = PBXFileReference; lastKnownFileType = sourcecode.swift; path = CreateNameScreen.swift; sourceTree = "<group>"; };
		41429C4528C6750000F7B0D7 /* Darkslide.app */ = {isa = PBXFileReference; explicitFileType = wrapper.application; includeInIndex = 0; path = Darkslide.app; sourceTree = BUILT_PRODUCTS_DIR; };
		41429C4828C6750000F7B0D7 /* DarkslideApp.swift */ = {isa = PBXFileReference; lastKnownFileType = sourcecode.swift; path = DarkslideApp.swift; sourceTree = "<group>"; };
		41429C4A28C6750000F7B0D7 /* ContentView.swift */ = {isa = PBXFileReference; lastKnownFileType = sourcecode.swift; path = ContentView.swift; sourceTree = "<group>"; };
		41429C4C28C6750100F7B0D7 /* Colors.xcassets */ = {isa = PBXFileReference; lastKnownFileType = folder.assetcatalog; path = Colors.xcassets; sourceTree = "<group>"; };
		41429C4F28C6750100F7B0D7 /* Preview Assets.xcassets */ = {isa = PBXFileReference; lastKnownFileType = folder.assetcatalog; path = "Preview Assets.xcassets"; sourceTree = "<group>"; };
		41514FDC28E61DF300BBD19B /* PostViewModel.swift */ = {isa = PBXFileReference; lastKnownFileType = sourcecode.swift; path = PostViewModel.swift; sourceTree = "<group>"; };
		41514FDE28E61EA400BBD19B /* PostDetailsScreen.swift */ = {isa = PBXFileReference; lastKnownFileType = sourcecode.swift; path = PostDetailsScreen.swift; sourceTree = "<group>"; };
		4164DA0E2913B15F00B5EAB8 /* PostListCard.swift */ = {isa = PBXFileReference; lastKnownFileType = sourcecode.swift; path = PostListCard.swift; sourceTree = "<group>"; };
		41675CA9292C25D20086804F /* Exists.swift */ = {isa = PBXFileReference; lastKnownFileType = sourcecode.swift; path = Exists.swift; sourceTree = "<group>"; };
		41675CAB292D3FD60086804F /* Username.swift */ = {isa = PBXFileReference; lastKnownFileType = sourcecode.swift; path = Username.swift; sourceTree = "<group>"; };
		41675CAD292E84240086804F /* HashableUserUID.swift */ = {isa = PBXFileReference; lastKnownFileType = sourcecode.swift; path = HashableUserUID.swift; sourceTree = "<group>"; };
		41675CAF292EC9CC0086804F /* FeedItemCardViewModel.swift */ = {isa = PBXFileReference; lastKnownFileType = sourcecode.swift; path = FeedItemCardViewModel.swift; sourceTree = "<group>"; };
		416A6ADB2912770E00D77347 /* SearchViewModel.swift */ = {isa = PBXFileReference; lastKnownFileType = sourcecode.swift; path = SearchViewModel.swift; sourceTree = "<group>"; };
		416A6ADE2912836F00D77347 /* ProfileListCard.swift */ = {isa = PBXFileReference; lastKnownFileType = sourcecode.swift; path = ProfileListCard.swift; sourceTree = "<group>"; };
		417C230D28D85F64007EFAC1 /* HttpClient.swift */ = {isa = PBXFileReference; lastKnownFileType = sourcecode.swift; path = HttpClient.swift; sourceTree = "<group>"; };
		417C230F28D8622E007EFAC1 /* PostService.swift */ = {isa = PBXFileReference; lastKnownFileType = sourcecode.swift; path = PostService.swift; sourceTree = "<group>"; };
		418CB95A29290E1E0098E7E4 /* ProfilePhotoEditScreen.swift */ = {isa = PBXFileReference; lastKnownFileType = sourcecode.swift; path = ProfilePhotoEditScreen.swift; sourceTree = "<group>"; };
		4196A73528CB698D00EECECC /* LoginInputGroup.swift */ = {isa = PBXFileReference; lastKnownFileType = sourcecode.swift; path = LoginInputGroup.swift; sourceTree = "<group>"; };
		4196A73728CB6AFF00EECECC /* StringExtension.swift */ = {isa = PBXFileReference; lastKnownFileType = sourcecode.swift; path = StringExtension.swift; sourceTree = "<group>"; };
		4196A73A28CC6D2100EECECC /* DSButton.swift */ = {isa = PBXFileReference; lastKnownFileType = sourcecode.swift; path = DSButton.swift; sourceTree = "<group>"; };
		4196A73C28CC75CF00EECECC /* Layout.swift */ = {isa = PBXFileReference; lastKnownFileType = sourcecode.swift; path = Layout.swift; sourceTree = "<group>"; };
		4196A73E28CC8AB600EECECC /* GoogleService-Info.plist */ = {isa = PBXFileReference; fileEncoding = 4; lastKnownFileType = text.plist.xml; path = "GoogleService-Info.plist"; sourceTree = "<group>"; };
		4196A74128CC972A00EECECC /* AuthenticationService.swift */ = {isa = PBXFileReference; lastKnownFileType = sourcecode.swift; path = AuthenticationService.swift; sourceTree = "<group>"; };
		4196A74428CF32BA00EECECC /* DashboardContainerView.swift */ = {isa = PBXFileReference; lastKnownFileType = sourcecode.swift; path = DashboardContainerView.swift; sourceTree = "<group>"; };
		4196A74628CF32CC00EECECC /* FeedScreen.swift */ = {isa = PBXFileReference; lastKnownFileType = sourcecode.swift; path = FeedScreen.swift; sourceTree = "<group>"; };
		4196A74B28CF331600EECECC /* SearchScreen.swift */ = {isa = PBXFileReference; lastKnownFileType = sourcecode.swift; path = SearchScreen.swift; sourceTree = "<group>"; };
		4196A74D28CF333200EECECC /* AccountScreen.swift */ = {isa = PBXFileReference; lastKnownFileType = sourcecode.swift; path = AccountScreen.swift; sourceTree = "<group>"; };
		41B133C728F3379D00244BE2 /* DSSnackBar.swift */ = {isa = PBXFileReference; lastKnownFileType = sourcecode.swift; path = DSSnackBar.swift; sourceTree = "<group>"; };
		41BC921E2906AF0B0051E428 /* Count.swift */ = {isa = PBXFileReference; lastKnownFileType = sourcecode.swift; path = Count.swift; sourceTree = "<group>"; };
		41C5ABDD28F81476005516D0 /* DateExtension.swift */ = {isa = PBXFileReference; lastKnownFileType = sourcecode.swift; path = DateExtension.swift; sourceTree = "<group>"; };
		41C9A02728EF1AB9008DC46D /* DescriptionCard.swift */ = {isa = PBXFileReference; lastKnownFileType = sourcecode.swift; path = DescriptionCard.swift; sourceTree = "<group>"; };
		41CD16DD29083B1A0006C51B /* AccountSettingsDestination.swift */ = {isa = PBXFileReference; lastKnownFileType = sourcecode.swift; path = AccountSettingsDestination.swift; sourceTree = "<group>"; };
		41CD16DF29083D710006C51B /* OnboardingScreen.swift */ = {isa = PBXFileReference; lastKnownFileType = sourcecode.swift; path = OnboardingScreen.swift; sourceTree = "<group>"; };
		41CD16E129084FAA0006C51B /* BioEditScreen.swift */ = {isa = PBXFileReference; lastKnownFileType = sourcecode.swift; path = BioEditScreen.swift; sourceTree = "<group>"; };
		41CEA21428F5E201005FFA88 /* AccountSettingsScreen.swift */ = {isa = PBXFileReference; lastKnownFileType = sourcecode.swift; path = AccountSettingsScreen.swift; sourceTree = "<group>"; };
		41D1146228CFA9EF00966BB1 /* AccountViewModel.swift */ = {isa = PBXFileReference; lastKnownFileType = sourcecode.swift; path = AccountViewModel.swift; sourceTree = "<group>"; };
		41D41E1A2914F4CD009DBED8 /* AccountSettingsViewModel.swift */ = {isa = PBXFileReference; lastKnownFileType = sourcecode.swift; path = AccountSettingsViewModel.swift; sourceTree = "<group>"; };
		41D41E1D291511DA009DBED8 /* ProfileScreen.swift */ = {isa = PBXFileReference; lastKnownFileType = sourcecode.swift; path = ProfileScreen.swift; sourceTree = "<group>"; };
		41D41E20291511F9009DBED8 /* ProfileViewModel.swift */ = {isa = PBXFileReference; lastKnownFileType = sourcecode.swift; path = ProfileViewModel.swift; sourceTree = "<group>"; };
		41D41E2329154980009DBED8 /* UserDetailsScrollView.swift */ = {isa = PBXFileReference; lastKnownFileType = sourcecode.swift; path = UserDetailsScrollView.swift; sourceTree = "<group>"; };
		41D41E2529182B8A009DBED8 /* FollowButton.swift */ = {isa = PBXFileReference; lastKnownFileType = sourcecode.swift; path = FollowButton.swift; sourceTree = "<group>"; };
		41DBD91A28F1701C0078B58F /* PostEditScreen.swift */ = {isa = PBXFileReference; lastKnownFileType = sourcecode.swift; path = PostEditScreen.swift; sourceTree = "<group>"; };
		41DBD91C28F170740078B58F /* PostEditViewModel.swift */ = {isa = PBXFileReference; lastKnownFileType = sourcecode.swift; path = PostEditViewModel.swift; sourceTree = "<group>"; };
		41DBD91E28F17CD60078B58F /* ExifDataPickerGroup.swift */ = {isa = PBXFileReference; lastKnownFileType = sourcecode.swift; path = ExifDataPickerGroup.swift; sourceTree = "<group>"; };
		41E45E6528F05CF00050142D /* DIContainer.swift */ = {isa = PBXFileReference; lastKnownFileType = sourcecode.swift; path = DIContainer.swift; sourceTree = "<group>"; };
		41F4AC8D28D8B1AE0065C6B1 /* CreatePostPhotoSelectorPage.swift */ = {isa = PBXFileReference; lastKnownFileType = sourcecode.swift; path = CreatePostPhotoSelectorPage.swift; sourceTree = "<group>"; };
		41F4AC9028D8B6EE0065C6B1 /* CreatePostViewModel.swift */ = {isa = PBXFileReference; lastKnownFileType = sourcecode.swift; path = CreatePostViewModel.swift; sourceTree = "<group>"; };
		41F4AC9228D8FBB00065C6B1 /* DSMultilineTextField.swift */ = {isa = PBXFileReference; lastKnownFileType = sourcecode.swift; path = DSMultilineTextField.swift; sourceTree = "<group>"; };
		41F4AC9428D9A4810065C6B1 /* CreatePostInfoPage.swift */ = {isa = PBXFileReference; lastKnownFileType = sourcecode.swift; path = CreatePostInfoPage.swift; sourceTree = "<group>"; };
		41F8C86628ED76E100C9A2E4 /* DataExtension.swift */ = {isa = PBXFileReference; lastKnownFileType = sourcecode.swift; path = DataExtension.swift; sourceTree = "<group>"; };
		7A357BF76C9CB7DF89B3EC74 /* Pods_Darkslide.framework */ = {isa = PBXFileReference; explicitFileType = wrapper.framework; includeInIndex = 0; path = Pods_Darkslide.framework; sourceTree = BUILT_PRODUCTS_DIR; };
		84DA42AAE1E72FC5CF750E43 /* Pods-Darkslide.release.xcconfig */ = {isa = PBXFileReference; includeInIndex = 1; lastKnownFileType = text.xcconfig; name = "Pods-Darkslide.release.xcconfig"; path = "Target Support Files/Pods-Darkslide/Pods-Darkslide.release.xcconfig"; sourceTree = "<group>"; };
		A6D48AD2C0A621A25EB53DCF /* Pods-Darkslide.debug.xcconfig */ = {isa = PBXFileReference; includeInIndex = 1; lastKnownFileType = text.xcconfig; name = "Pods-Darkslide.debug.xcconfig"; path = "Target Support Files/Pods-Darkslide/Pods-Darkslide.debug.xcconfig"; sourceTree = "<group>"; };
/* End PBXFileReference section */

/* Begin PBXFrameworksBuildPhase section */
		41429C4228C6750000F7B0D7 /* Frameworks */ = {
			isa = PBXFrameworksBuildPhase;
			buildActionMask = 2147483647;
			files = (
				9DBB306B81772B272BB20881 /* Pods_Darkslide.framework in Frameworks */,
			);
			runOnlyForDeploymentPostprocessing = 0;
		};
/* End PBXFrameworksBuildPhase section */

/* Begin PBXGroup section */
		0336414CF55DDA2AC6D7CA0E /* Frameworks */ = {
			isa = PBXGroup;
			children = (
				7A357BF76C9CB7DF89B3EC74 /* Pods_Darkslide.framework */,
			);
			name = Frameworks;
			sourceTree = "<group>";
		};
		3928ABB931CA32CC3524C44C /* Pods */ = {
			isa = PBXGroup;
			children = (
				A6D48AD2C0A621A25EB53DCF /* Pods-Darkslide.debug.xcconfig */,
				84DA42AAE1E72FC5CF750E43 /* Pods-Darkslide.release.xcconfig */,
			);
			path = Pods;
			sourceTree = "<group>";
		};
		410BD18628D1C59E0035FB2C /* Views */ = {
			isa = PBXGroup;
			children = (
				410BD18728D1C5C30035FB2C /* FeedItemCard.swift */,
				41675CAF292EC9CC0086804F /* FeedItemCardViewModel.swift */,
			);
			path = Views;
			sourceTree = "<group>";
		};
		410BD18928D1C85F0035FB2C /* Model */ = {
			isa = PBXGroup;
			children = (
				410BD18A28D1C86B0035FB2C /* Post.swift */,
				41285F5028FC478C006079A9 /* User.swift */,
				410ED08A2902E38500A433EC /* Follow.swift */,
				4130D89C291E51E800896FF4 /* Comment.swift */,
			);
			path = Model;
			sourceTree = "<group>";
		};
		4110AF62291123A9004284F9 /* PhotoPicker */ = {
			isa = PBXGroup;
			children = (
				4110AF63291123B4004284F9 /* ImagePicker.swift */,
			);
			path = PhotoPicker;
			sourceTree = "<group>";
		};
		4110AF652911818E004284F9 /* CreatePost */ = {
			isa = PBXGroup;
			children = (
				41F4AC8D28D8B1AE0065C6B1 /* CreatePostPhotoSelectorPage.swift */,
				41F4AC9028D8B6EE0065C6B1 /* CreatePostViewModel.swift */,
				41F4AC9428D9A4810065C6B1 /* CreatePostInfoPage.swift */,
				4110AF6829118226004284F9 /* CreatePostPage.swift */,
			);
			path = CreatePost;
			sourceTree = "<group>";
		};
		411E86A028FEF5BC0085D334 /* ProfileGrid */ = {
			isa = PBXGroup;
			children = (
				410ED08628FEF79300A433EC /* GridCard.swift */,
			);
			path = ProfileGrid;
			sourceTree = "<group>";
		};
		4126839728E8BA76009F0CFA /* Views */ = {
			isa = PBXGroup;
			children = (
				4126839828E8BA8C009F0CFA /* PhotoDataLabel.swift */,
				41C9A02728EF1AB9008DC46D /* DescriptionCard.swift */,
				4130D8A0291FA34600896FF4 /* CommentRow.swift */,
			);
			path = Views;
			sourceTree = "<group>";
		};
		4130D8A2291FAD6000896FF4 /* CommentsScreen */ = {
			isa = PBXGroup;
			children = (
				4130D8A3291FADD800896FF4 /* CommentsScreen.swift */,
			);
			path = CommentsScreen;
			sourceTree = "<group>";
		};
		413393E028C749A70001FC74 /* Screens */ = {
			isa = PBXGroup;
			children = (
				41D41E1F291511E1009DBED8 /* ProfileScreen */,
				41DBD91928F16FF10078B58F /* PostEditScreen */,
				41514FDB28E61D3F00BBD19B /* PostDetailsScreen */,
				4196A74328CF329E00EECECC /* Dashboard */,
				413393E128C749AD0001FC74 /* AuthenticationScreen */,
				41CD16DF29083D710006C51B /* OnboardingScreen.swift */,
			);
			path = Screens;
			sourceTree = "<group>";
		};
		413393E128C749AD0001FC74 /* AuthenticationScreen */ = {
			isa = PBXGroup;
			children = (
				4134BD2F28C882D4005F02FD /* Views */,
				413393E228C749D00001FC74 /* AuthenticationScreen.swift */,
				4134BD2D28C881AA005F02FD /* AuthenticationViewModel.swift */,
			);
			path = AuthenticationScreen;
			sourceTree = "<group>";
		};
		413393E528C74C1F0001FC74 /* Resources */ = {
			isa = PBXGroup;
			children = (
				41429C4C28C6750100F7B0D7 /* Colors.xcassets */,
				413393EA28C74F640001FC74 /* Localizable.strings */,
				410BD18C28D1CB080035FB2C /* Images.xcassets */,
			);
			path = Resources;
			sourceTree = "<group>";
		};
		413393EB28C762DB0001FC74 /* Generated */ = {
			isa = PBXGroup;
			children = (
				410F642428D1CDBE00D13C00 /* Assets.swift */,
				410F642328D1CDBE00D13C00 /* Strings.swift */,
			);
			path = Generated;
			sourceTree = "<group>";
		};
		4134BD2F28C882D4005F02FD /* Views */ = {
			isa = PBXGroup;
			children = (
				4134BD3428C89B8E005F02FD /* RegisterInputGroup.swift */,
				4196A73528CB698D00EECECC /* LoginInputGroup.swift */,
				413E23B42930DD0800DB36EE /* CreateNameScreen.swift */,
			);
			path = Views;
			sourceTree = "<group>";
		};
		4134BD3028C88306005F02FD /* Views */ = {
			isa = PBXGroup;
			children = (
				41D41E222915496F009DBED8 /* UserDetails */,
				4110AF62291123A9004284F9 /* PhotoPicker */,
				41B133C628F3379200244BE2 /* SnackBar */,
				4196A73928CC6D0F00EECECC /* Button */,
				4134BD3628C89DC5005F02FD /* Input */,
				4196A73C28CC75CF00EECECC /* Layout.swift */,
			);
			path = Views;
			sourceTree = "<group>";
		};
		4134BD3128C88848005F02FD /* Extensions */ = {
			isa = PBXGroup;
			children = (
				4134BD3228C8885B005F02FD /* ViewExtension.swift */,
				4196A73728CB6AFF00EECECC /* StringExtension.swift */,
				41F8C86628ED76E100C9A2E4 /* DataExtension.swift */,
				41C5ABDD28F81476005516D0 /* DateExtension.swift */,
			);
			path = Extensions;
			sourceTree = "<group>";
		};
		4134BD3628C89DC5005F02FD /* Input */ = {
			isa = PBXGroup;
			children = (
				4134BD3728C89DDD005F02FD /* DSTextField.swift */,
				41F4AC9228D8FBB00065C6B1 /* DSMultilineTextField.swift */,
				41DBD91E28F17CD60078B58F /* ExifDataPickerGroup.swift */,
			);
			path = Input;
			sourceTree = "<group>";
		};
		41429C3C28C6750000F7B0D7 = {
			isa = PBXGroup;
			children = (
				41429C4728C6750000F7B0D7 /* Darkslide */,
				41429C4628C6750000F7B0D7 /* Products */,
				3928ABB931CA32CC3524C44C /* Pods */,
				0336414CF55DDA2AC6D7CA0E /* Frameworks */,
			);
			sourceTree = "<group>";
		};
		41429C4628C6750000F7B0D7 /* Products */ = {
			isa = PBXGroup;
			children = (
				41429C4528C6750000F7B0D7 /* Darkslide.app */,
			);
			name = Products;
			sourceTree = "<group>";
		};
		41429C4728C6750000F7B0D7 /* Darkslide */ = {
			isa = PBXGroup;
			children = (
				413E23B3293020DB00DB36EE /* Info.plist */,
				417C230C28D85F4D007EFAC1 /* Utilities */,
				410BD18928D1C85F0035FB2C /* Model */,
				4196A74028CC970900EECECC /* Services */,
				4196A73E28CC8AB600EECECC /* GoogleService-Info.plist */,
				4134BD3128C88848005F02FD /* Extensions */,
				4134BD3028C88306005F02FD /* Views */,
				413393EB28C762DB0001FC74 /* Generated */,
				413393E528C74C1F0001FC74 /* Resources */,
				413393E028C749A70001FC74 /* Screens */,
				41429C4828C6750000F7B0D7 /* DarkslideApp.swift */,
				41429C4A28C6750000F7B0D7 /* ContentView.swift */,
				410BD18428D09A5F0035FB2C /* AppViewModel.swift */,
				41429C4E28C6750100F7B0D7 /* Preview Content */,
			);
			path = Darkslide;
			sourceTree = "<group>";
		};
		41429C4E28C6750100F7B0D7 /* Preview Content */ = {
			isa = PBXGroup;
			children = (
				41429C4F28C6750100F7B0D7 /* Preview Assets.xcassets */,
			);
			path = "Preview Content";
			sourceTree = "<group>";
		};
		41514FDB28E61D3F00BBD19B /* PostDetailsScreen */ = {
			isa = PBXGroup;
			children = (
				4130D8A2291FAD6000896FF4 /* CommentsScreen */,
				4126839728E8BA76009F0CFA /* Views */,
				41514FDC28E61DF300BBD19B /* PostViewModel.swift */,
				41514FDE28E61EA400BBD19B /* PostDetailsScreen.swift */,
			);
			path = PostDetailsScreen;
			sourceTree = "<group>";
		};
		416A6ADD2912835200D77347 /* Views */ = {
			isa = PBXGroup;
			children = (
				416A6ADE2912836F00D77347 /* ProfileListCard.swift */,
				4164DA0E2913B15F00B5EAB8 /* PostListCard.swift */,
			);
			path = Views;
			sourceTree = "<group>";
		};
		417C230C28D85F4D007EFAC1 /* Utilities */ = {
			isa = PBXGroup;
			children = (
				417C230D28D85F64007EFAC1 /* HttpClient.swift */,
				41E45E6528F05CF00050142D /* DIContainer.swift */,
				41BC921E2906AF0B0051E428 /* Count.swift */,
				41675CA9292C25D20086804F /* Exists.swift */,
				41675CAB292D3FD60086804F /* Username.swift */,
				41675CAD292E84240086804F /* HashableUserUID.swift */,
			);
			path = Utilities;
			sourceTree = "<group>";
		};
		4196A73928CC6D0F00EECECC /* Button */ = {
			isa = PBXGroup;
			children = (
				4196A73A28CC6D2100EECECC /* DSButton.swift */,
				41D41E2529182B8A009DBED8 /* FollowButton.swift */,
				413E23B12930189000DB36EE /* GoogleSignInButton.swift */,
			);
			path = Button;
			sourceTree = "<group>";
		};
		4196A74028CC970900EECECC /* Services */ = {
			isa = PBXGroup;
			children = (
				4196A74128CC972A00EECECC /* AuthenticationService.swift */,
				417C230F28D8622E007EFAC1 /* PostService.swift */,
				41285F5528FD58EC006079A9 /* UserService.swift */,
				410ED0882902D81300A433EC /* FollowService.swift */,
				4130D89E291E52CB00896FF4 /* CommentService.swift */,
			);
			path = Services;
			sourceTree = "<group>";
		};
		4196A74328CF329E00EECECC /* Dashboard */ = {
			isa = PBXGroup;
			children = (
				4196A74A28CF32EE00EECECC /* AccountScreen */,
				4196A74928CF32DD00EECECC /* SearchScreen */,
				4196A74828CF32D400EECECC /* FeedScreen */,
				4196A74428CF32BA00EECECC /* DashboardContainerView.swift */,
			);
			path = Dashboard;
			sourceTree = "<group>";
		};
		4196A74828CF32D400EECECC /* FeedScreen */ = {
			isa = PBXGroup;
			children = (
				410BD18628D1C59E0035FB2C /* Views */,
				4196A74628CF32CC00EECECC /* FeedScreen.swift */,
				410F642728D1F88800D13C00 /* FeedViewModel.swift */,
			);
			path = FeedScreen;
			sourceTree = "<group>";
		};
		4196A74928CF32DD00EECECC /* SearchScreen */ = {
			isa = PBXGroup;
			children = (
				416A6ADD2912835200D77347 /* Views */,
				4196A74B28CF331600EECECC /* SearchScreen.swift */,
				416A6ADB2912770E00D77347 /* SearchViewModel.swift */,
			);
			path = SearchScreen;
			sourceTree = "<group>";
		};
		4196A74A28CF32EE00EECECC /* AccountScreen */ = {
			isa = PBXGroup;
			children = (
				4110AF652911818E004284F9 /* CreatePost */,
				41CEA21328F5E1EF005FFA88 /* AccountSettings */,
				41F4AC8C28D8B19B0065C6B1 /* Views */,
				4196A74D28CF333200EECECC /* AccountScreen.swift */,
				41D1146228CFA9EF00966BB1 /* AccountViewModel.swift */,
			);
			path = AccountScreen;
			sourceTree = "<group>";
		};
		41B133C628F3379200244BE2 /* SnackBar */ = {
			isa = PBXGroup;
			children = (
				41B133C728F3379D00244BE2 /* DSSnackBar.swift */,
			);
			path = SnackBar;
			sourceTree = "<group>";
		};
		41CEA21328F5E1EF005FFA88 /* AccountSettings */ = {
			isa = PBXGroup;
			children = (
				41CEA21428F5E201005FFA88 /* AccountSettingsScreen.swift */,
				41CD16DD29083B1A0006C51B /* AccountSettingsDestination.swift */,
				41CD16E129084FAA0006C51B /* BioEditScreen.swift */,
				4110AF60290D824B004284F9 /* CoverPhotoEditScreen.swift */,
				41D41E1A2914F4CD009DBED8 /* AccountSettingsViewModel.swift */,
				418CB95A29290E1E0098E7E4 /* ProfilePhotoEditScreen.swift */,
			);
			path = AccountSettings;
			sourceTree = "<group>";
		};
		41D41E1F291511E1009DBED8 /* ProfileScreen */ = {
			isa = PBXGroup;
			children = (
				41D41E1D291511DA009DBED8 /* ProfileScreen.swift */,
				41D41E20291511F9009DBED8 /* ProfileViewModel.swift */,
			);
			path = ProfileScreen;
			sourceTree = "<group>";
		};
		41D41E222915496F009DBED8 /* UserDetails */ = {
			isa = PBXGroup;
			children = (
				41D41E2329154980009DBED8 /* UserDetailsScrollView.swift */,
			);
			path = UserDetails;
			sourceTree = "<group>";
		};
		41DBD91928F16FF10078B58F /* PostEditScreen */ = {
			isa = PBXGroup;
			children = (
				41DBD91A28F1701C0078B58F /* PostEditScreen.swift */,
				41DBD91C28F170740078B58F /* PostEditViewModel.swift */,
			);
			path = PostEditScreen;
			sourceTree = "<group>";
		};
		41F4AC8C28D8B19B0065C6B1 /* Views */ = {
			isa = PBXGroup;
			children = (
				411E86A028FEF5BC0085D334 /* ProfileGrid */,
			);
			path = Views;
			sourceTree = "<group>";
		};
/* End PBXGroup section */

/* Begin PBXNativeTarget section */
		41429C4428C6750000F7B0D7 /* Darkslide */ = {
			isa = PBXNativeTarget;
			buildConfigurationList = 41429C5328C6750100F7B0D7 /* Build configuration list for PBXNativeTarget "Darkslide" */;
			buildPhases = (
				481E9861B9387C6831F0211D /* [CP] Check Pods Manifest.lock */,
				41429C4128C6750000F7B0D7 /* Sources */,
				41429C5628C67B9800F7B0D7 /* SwiftLint */,
				41429C4228C6750000F7B0D7 /* Frameworks */,
				41429C4328C6750000F7B0D7 /* Resources */,
				4377097BE0DAAF09AD23BBD0 /* [CP] Embed Pods Frameworks */,
			);
			buildRules = (
			);
			dependencies = (
			);
			name = Darkslide;
			productName = Darkslide;
			productReference = 41429C4528C6750000F7B0D7 /* Darkslide.app */;
			productType = "com.apple.product-type.application";
		};
/* End PBXNativeTarget section */

/* Begin PBXProject section */
		41429C3D28C6750000F7B0D7 /* Project object */ = {
			isa = PBXProject;
			attributes = {
				BuildIndependentTargetsInParallel = 1;
				LastSwiftUpdateCheck = 1340;
				LastUpgradeCheck = 1340;
				TargetAttributes = {
					41429C4428C6750000F7B0D7 = {
						CreatedOnToolsVersion = 13.4.1;
					};
				};
			};
			buildConfigurationList = 41429C4028C6750000F7B0D7 /* Build configuration list for PBXProject "Darkslide" */;
			compatibilityVersion = "Xcode 13.0";
			developmentRegion = en;
			hasScannedForEncodings = 0;
			knownRegions = (
				en,
				Base,
			);
			mainGroup = 41429C3C28C6750000F7B0D7;
			productRefGroup = 41429C4628C6750000F7B0D7 /* Products */;
			projectDirPath = "";
			projectRoot = "";
			targets = (
				41429C4428C6750000F7B0D7 /* Darkslide */,
			);
		};
/* End PBXProject section */

/* Begin PBXResourcesBuildPhase section */
		41429C4328C6750000F7B0D7 /* Resources */ = {
			isa = PBXResourcesBuildPhase;
			buildActionMask = 2147483647;
			files = (
				41429C5028C6750100F7B0D7 /* Preview Assets.xcassets in Resources */,
				410BD18D28D1CB080035FB2C /* Images.xcassets in Resources */,
				4196A73F28CC8AB600EECECC /* GoogleService-Info.plist in Resources */,
				413393E828C74F640001FC74 /* Localizable.strings in Resources */,
				41429C4D28C6750100F7B0D7 /* Colors.xcassets in Resources */,
			);
			runOnlyForDeploymentPostprocessing = 0;
		};
/* End PBXResourcesBuildPhase section */

/* Begin PBXShellScriptBuildPhase section */
		41429C5628C67B9800F7B0D7 /* SwiftLint */ = {
			isa = PBXShellScriptBuildPhase;
			buildActionMask = 2147483647;
			files = (
			);
			inputFileListPaths = (
			);
			inputPaths = (
			);
			name = SwiftLint;
			outputFileListPaths = (
			);
			outputPaths = (
			);
			runOnlyForDeploymentPostprocessing = 0;
			shellPath = /bin/sh;
			shellScript = "export PATH=\"$PATH:/opt/homebrew/bin\"\nif which swiftlint > /dev/null; then\n  swiftlint\nelse\n  echo \"warning: SwiftLint not installed, download from https://github.com/realm/SwiftLint\"\nfi\n";
		};
		4377097BE0DAAF09AD23BBD0 /* [CP] Embed Pods Frameworks */ = {
			isa = PBXShellScriptBuildPhase;
			buildActionMask = 2147483647;
			files = (
			);
			inputFileListPaths = (
				"${PODS_ROOT}/Target Support Files/Pods-Darkslide/Pods-Darkslide-frameworks-${CONFIGURATION}-input-files.xcfilelist",
			);
			name = "[CP] Embed Pods Frameworks";
			outputFileListPaths = (
				"${PODS_ROOT}/Target Support Files/Pods-Darkslide/Pods-Darkslide-frameworks-${CONFIGURATION}-output-files.xcfilelist",
			);
			runOnlyForDeploymentPostprocessing = 0;
			shellPath = /bin/sh;
			shellScript = "\"${PODS_ROOT}/Target Support Files/Pods-Darkslide/Pods-Darkslide-frameworks.sh\"\n";
			showEnvVarsInLog = 0;
		};
		481E9861B9387C6831F0211D /* [CP] Check Pods Manifest.lock */ = {
			isa = PBXShellScriptBuildPhase;
			buildActionMask = 2147483647;
			files = (
			);
			inputFileListPaths = (
			);
			inputPaths = (
				"${PODS_PODFILE_DIR_PATH}/Podfile.lock",
				"${PODS_ROOT}/Manifest.lock",
			);
			name = "[CP] Check Pods Manifest.lock";
			outputFileListPaths = (
			);
			outputPaths = (
				"$(DERIVED_FILE_DIR)/Pods-Darkslide-checkManifestLockResult.txt",
			);
			runOnlyForDeploymentPostprocessing = 0;
			shellPath = /bin/sh;
			shellScript = "diff \"${PODS_PODFILE_DIR_PATH}/Podfile.lock\" \"${PODS_ROOT}/Manifest.lock\" > /dev/null\nif [ $? != 0 ] ; then\n    # print error to STDERR\n    echo \"error: The sandbox is not in sync with the Podfile.lock. Run 'pod install' or update your CocoaPods installation.\" >&2\n    exit 1\nfi\n# This output is used by Xcode 'outputs' to avoid re-running this script phase.\necho \"SUCCESS\" > \"${SCRIPT_OUTPUT_FILE_0}\"\n";
			showEnvVarsInLog = 0;
		};
/* End PBXShellScriptBuildPhase section */

/* Begin PBXSourcesBuildPhase section */
		41429C4128C6750000F7B0D7 /* Sources */ = {
			isa = PBXSourcesBuildPhase;
			buildActionMask = 2147483647;
			files = (
				41514FDD28E61DF300BBD19B /* PostViewModel.swift in Sources */,
				41C5ABDE28F81476005516D0 /* DateExtension.swift in Sources */,
				417C231028D8622E007EFAC1 /* PostService.swift in Sources */,
				4134BD2E28C881AA005F02FD /* AuthenticationViewModel.swift in Sources */,
				41F4AC8E28D8B1AE0065C6B1 /* CreatePostPhotoSelectorPage.swift in Sources */,
				41DBD91D28F170740078B58F /* PostEditViewModel.swift in Sources */,
				410ED0892902D81300A433EC /* FollowService.swift in Sources */,
				410BD18B28D1C86B0035FB2C /* Post.swift in Sources */,
				41D1146328CFA9EF00966BB1 /* AccountViewModel.swift in Sources */,
				41CD16E029083D710006C51B /* OnboardingScreen.swift in Sources */,
				416A6ADC2912770E00D77347 /* SearchViewModel.swift in Sources */,
				41D41E1E291511DA009DBED8 /* ProfileScreen.swift in Sources */,
				4134BD3328C8885B005F02FD /* ViewExtension.swift in Sources */,
				41675CAC292D3FD60086804F /* Username.swift in Sources */,
				413E23B52930DD0800DB36EE /* CreateNameScreen.swift in Sources */,
				41D41E2629182B8A009DBED8 /* FollowButton.swift in Sources */,
				41DBD91B28F1701C0078B58F /* PostEditScreen.swift in Sources */,
				410ED08728FEF79300A433EC /* GridCard.swift in Sources */,
				416A6ADF2912836F00D77347 /* ProfileListCard.swift in Sources */,
				41E45E6628F05CF00050142D /* DIContainer.swift in Sources */,
				41675CAA292C25D20086804F /* Exists.swift in Sources */,
				4130D89F291E52CB00896FF4 /* CommentService.swift in Sources */,
				41429C4B28C6750000F7B0D7 /* ContentView.swift in Sources */,
				41DBD91F28F17CD60078B58F /* ExifDataPickerGroup.swift in Sources */,
				413E23B22930189000DB36EE /* GoogleSignInButton.swift in Sources */,
				410BD18528D09A5F0035FB2C /* AppViewModel.swift in Sources */,
				41B133C828F3379D00244BE2 /* DSSnackBar.swift in Sources */,
				410F642828D1F88800D13C00 /* FeedViewModel.swift in Sources */,
				413393E328C749D00001FC74 /* AuthenticationScreen.swift in Sources */,
				4196A73B28CC6D2100EECECC /* DSButton.swift in Sources */,
				4196A73D28CC75CF00EECECC /* Layout.swift in Sources */,
				41CD16DE29083B1A0006C51B /* AccountSettingsDestination.swift in Sources */,
				4110AF6929118226004284F9 /* CreatePostPage.swift in Sources */,
				4110AF61290D824B004284F9 /* CoverPhotoEditScreen.swift in Sources */,
				41F4AC9328D8FBB00065C6B1 /* DSMultilineTextField.swift in Sources */,
				417C230E28D85F64007EFAC1 /* HttpClient.swift in Sources */,
				4134BD3528C89B8E005F02FD /* RegisterInputGroup.swift in Sources */,
				41514FDF28E61EA400BBD19B /* PostDetailsScreen.swift in Sources */,
				4196A74C28CF331600EECECC /* SearchScreen.swift in Sources */,
				41675CAE292E84240086804F /* HashableUserUID.swift in Sources */,
				41CEA21528F5E201005FFA88 /* AccountSettingsScreen.swift in Sources */,
				41C9A02828EF1AB9008DC46D /* DescriptionCard.swift in Sources */,
				4196A74528CF32BA00EECECC /* DashboardContainerView.swift in Sources */,
				41285F5628FD58EC006079A9 /* UserService.swift in Sources */,
				418CB95B29290E1E0098E7E4 /* ProfilePhotoEditScreen.swift in Sources */,
				4126839928E8BA8C009F0CFA /* PhotoDataLabel.swift in Sources */,
				41F8C86728ED76E100C9A2E4 /* DataExtension.swift in Sources */,
				410F642628D1CDBE00D13C00 /* Assets.swift in Sources */,
				41F4AC9128D8B6EE0065C6B1 /* CreatePostViewModel.swift in Sources */,
				4134BD3828C89DDD005F02FD /* DSTextField.swift in Sources */,
				410ED08B2902E38500A433EC /* Follow.swift in Sources */,
				410F642528D1CDBE00D13C00 /* Strings.swift in Sources */,
				4196A73628CB698D00EECECC /* LoginInputGroup.swift in Sources */,
				41F4AC9528D9A4810065C6B1 /* CreatePostInfoPage.swift in Sources */,
				4196A74E28CF333200EECECC /* AccountScreen.swift in Sources */,
				4196A73828CB6AFF00EECECC /* StringExtension.swift in Sources */,
				4130D8A4291FADD800896FF4 /* CommentsScreen.swift in Sources */,
				41675CB0292EC9CC0086804F /* FeedItemCardViewModel.swift in Sources */,
				410BD18828D1C5C30035FB2C /* FeedItemCard.swift in Sources */,
				4164DA0F2913B15F00B5EAB8 /* PostListCard.swift in Sources */,
				4130D89D291E51E900896FF4 /* Comment.swift in Sources */,
				41429C4928C6750000F7B0D7 /* DarkslideApp.swift in Sources */,
				4196A74228CC972A00EECECC /* AuthenticationService.swift in Sources */,
				4130D8A1291FA34600896FF4 /* CommentRow.swift in Sources */,
				41CD16E229084FAA0006C51B /* BioEditScreen.swift in Sources */,
				41D41E21291511F9009DBED8 /* ProfileViewModel.swift in Sources */,
				4196A74728CF32CC00EECECC /* FeedScreen.swift in Sources */,
				4110AF64291123B4004284F9 /* ImagePicker.swift in Sources */,
				41285F5128FC478D006079A9 /* User.swift in Sources */,
				41D41E2429154980009DBED8 /* UserDetailsScrollView.swift in Sources */,
				41BC921F2906AF0B0051E428 /* Count.swift in Sources */,
				41D41E1B2914F4CD009DBED8 /* AccountSettingsViewModel.swift in Sources */,
			);
			runOnlyForDeploymentPostprocessing = 0;
		};
/* End PBXSourcesBuildPhase section */

/* Begin PBXVariantGroup section */
		413393EA28C74F640001FC74 /* Localizable.strings */ = {
			isa = PBXVariantGroup;
			children = (
				413393E928C74F640001FC74 /* en */,
			);
			name = Localizable.strings;
			sourceTree = "<group>";
		};
/* End PBXVariantGroup section */

/* Begin XCBuildConfiguration section */
		41429C5128C6750100F7B0D7 /* Debug */ = {
			isa = XCBuildConfiguration;
			buildSettings = {
				ALWAYS_SEARCH_USER_PATHS = NO;
				CLANG_ANALYZER_NONNULL = YES;
				CLANG_ANALYZER_NUMBER_OBJECT_CONVERSION = YES_AGGRESSIVE;
				CLANG_CXX_LANGUAGE_STANDARD = "gnu++17";
				CLANG_ENABLE_MODULES = YES;
				CLANG_ENABLE_OBJC_ARC = YES;
				CLANG_ENABLE_OBJC_WEAK = YES;
				CLANG_WARN_BLOCK_CAPTURE_AUTORELEASING = YES;
				CLANG_WARN_BOOL_CONVERSION = YES;
				CLANG_WARN_COMMA = YES;
				CLANG_WARN_CONSTANT_CONVERSION = YES;
				CLANG_WARN_DEPRECATED_OBJC_IMPLEMENTATIONS = YES;
				CLANG_WARN_DIRECT_OBJC_ISA_USAGE = YES_ERROR;
				CLANG_WARN_DOCUMENTATION_COMMENTS = YES;
				CLANG_WARN_EMPTY_BODY = YES;
				CLANG_WARN_ENUM_CONVERSION = YES;
				CLANG_WARN_INFINITE_RECURSION = YES;
				CLANG_WARN_INT_CONVERSION = YES;
				CLANG_WARN_NON_LITERAL_NULL_CONVERSION = YES;
				CLANG_WARN_OBJC_IMPLICIT_RETAIN_SELF = YES;
				CLANG_WARN_OBJC_LITERAL_CONVERSION = YES;
				CLANG_WARN_OBJC_ROOT_CLASS = YES_ERROR;
				CLANG_WARN_QUOTED_INCLUDE_IN_FRAMEWORK_HEADER = YES;
				CLANG_WARN_RANGE_LOOP_ANALYSIS = YES;
				CLANG_WARN_STRICT_PROTOTYPES = YES;
				CLANG_WARN_SUSPICIOUS_MOVE = YES;
				CLANG_WARN_UNGUARDED_AVAILABILITY = YES_AGGRESSIVE;
				CLANG_WARN_UNREACHABLE_CODE = YES;
				CLANG_WARN__DUPLICATE_METHOD_MATCH = YES;
				COPY_PHASE_STRIP = NO;
				DEBUG_INFORMATION_FORMAT = dwarf;
				ENABLE_STRICT_OBJC_MSGSEND = YES;
				ENABLE_TESTABILITY = YES;
				GCC_C_LANGUAGE_STANDARD = gnu11;
				GCC_DYNAMIC_NO_PIC = NO;
				GCC_NO_COMMON_BLOCKS = YES;
				GCC_OPTIMIZATION_LEVEL = 0;
				GCC_PREPROCESSOR_DEFINITIONS = (
					"DEBUG=1",
					"$(inherited)",
				);
				GCC_WARN_64_TO_32_BIT_CONVERSION = YES;
				GCC_WARN_ABOUT_RETURN_TYPE = YES_ERROR;
				GCC_WARN_UNDECLARED_SELECTOR = YES;
				GCC_WARN_UNINITIALIZED_AUTOS = YES_AGGRESSIVE;
				GCC_WARN_UNUSED_FUNCTION = YES;
				GCC_WARN_UNUSED_VARIABLE = YES;
				IPHONEOS_DEPLOYMENT_TARGET = 15.5;
				MTL_ENABLE_DEBUG_INFO = INCLUDE_SOURCE;
				MTL_FAST_MATH = YES;
				ONLY_ACTIVE_ARCH = YES;
				SDKROOT = iphoneos;
				SWIFT_ACTIVE_COMPILATION_CONDITIONS = DEBUG;
				SWIFT_OPTIMIZATION_LEVEL = "-Onone";
			};
			name = Debug;
		};
		41429C5228C6750100F7B0D7 /* Release */ = {
			isa = XCBuildConfiguration;
			buildSettings = {
				ALWAYS_SEARCH_USER_PATHS = NO;
				CLANG_ANALYZER_NONNULL = YES;
				CLANG_ANALYZER_NUMBER_OBJECT_CONVERSION = YES_AGGRESSIVE;
				CLANG_CXX_LANGUAGE_STANDARD = "gnu++17";
				CLANG_ENABLE_MODULES = YES;
				CLANG_ENABLE_OBJC_ARC = YES;
				CLANG_ENABLE_OBJC_WEAK = YES;
				CLANG_WARN_BLOCK_CAPTURE_AUTORELEASING = YES;
				CLANG_WARN_BOOL_CONVERSION = YES;
				CLANG_WARN_COMMA = YES;
				CLANG_WARN_CONSTANT_CONVERSION = YES;
				CLANG_WARN_DEPRECATED_OBJC_IMPLEMENTATIONS = YES;
				CLANG_WARN_DIRECT_OBJC_ISA_USAGE = YES_ERROR;
				CLANG_WARN_DOCUMENTATION_COMMENTS = YES;
				CLANG_WARN_EMPTY_BODY = YES;
				CLANG_WARN_ENUM_CONVERSION = YES;
				CLANG_WARN_INFINITE_RECURSION = YES;
				CLANG_WARN_INT_CONVERSION = YES;
				CLANG_WARN_NON_LITERAL_NULL_CONVERSION = YES;
				CLANG_WARN_OBJC_IMPLICIT_RETAIN_SELF = YES;
				CLANG_WARN_OBJC_LITERAL_CONVERSION = YES;
				CLANG_WARN_OBJC_ROOT_CLASS = YES_ERROR;
				CLANG_WARN_QUOTED_INCLUDE_IN_FRAMEWORK_HEADER = YES;
				CLANG_WARN_RANGE_LOOP_ANALYSIS = YES;
				CLANG_WARN_STRICT_PROTOTYPES = YES;
				CLANG_WARN_SUSPICIOUS_MOVE = YES;
				CLANG_WARN_UNGUARDED_AVAILABILITY = YES_AGGRESSIVE;
				CLANG_WARN_UNREACHABLE_CODE = YES;
				CLANG_WARN__DUPLICATE_METHOD_MATCH = YES;
				COPY_PHASE_STRIP = NO;
				DEBUG_INFORMATION_FORMAT = "dwarf-with-dsym";
				ENABLE_NS_ASSERTIONS = NO;
				ENABLE_STRICT_OBJC_MSGSEND = YES;
				GCC_C_LANGUAGE_STANDARD = gnu11;
				GCC_NO_COMMON_BLOCKS = YES;
				GCC_WARN_64_TO_32_BIT_CONVERSION = YES;
				GCC_WARN_ABOUT_RETURN_TYPE = YES_ERROR;
				GCC_WARN_UNDECLARED_SELECTOR = YES;
				GCC_WARN_UNINITIALIZED_AUTOS = YES_AGGRESSIVE;
				GCC_WARN_UNUSED_FUNCTION = YES;
				GCC_WARN_UNUSED_VARIABLE = YES;
				IPHONEOS_DEPLOYMENT_TARGET = 15.5;
				MTL_ENABLE_DEBUG_INFO = NO;
				MTL_FAST_MATH = YES;
				SDKROOT = iphoneos;
				SWIFT_COMPILATION_MODE = wholemodule;
				SWIFT_OPTIMIZATION_LEVEL = "-O";
				VALIDATE_PRODUCT = YES;
			};
			name = Release;
		};
		41429C5428C6750100F7B0D7 /* Debug */ = {
			isa = XCBuildConfiguration;
			baseConfigurationReference = A6D48AD2C0A621A25EB53DCF /* Pods-Darkslide.debug.xcconfig */;
			buildSettings = {
				ASSETCATALOG_COMPILER_APPICON_NAME = AppIcon;
				ASSETCATALOG_COMPILER_GLOBAL_ACCENT_COLOR_NAME = AccentColor;
				CODE_SIGN_STYLE = Automatic;
				CURRENT_PROJECT_VERSION = 1;
				DEVELOPMENT_ASSET_PATHS = "\"Darkslide/Preview Content\"";
				DEVELOPMENT_TEAM = H96D2TP7LP;
				ENABLE_PREVIEWS = YES;
				GENERATE_INFOPLIST_FILE = YES;
				INFOPLIST_FILE = Darkslide/Info.plist;
				INFOPLIST_KEY_UIApplicationSceneManifest_Generation = YES;
				INFOPLIST_KEY_UIApplicationSupportsIndirectInputEvents = YES;
				INFOPLIST_KEY_UILaunchScreen_Generation = YES;
				INFOPLIST_KEY_UISupportedInterfaceOrientations_iPad = "UIInterfaceOrientationPortrait UIInterfaceOrientationPortraitUpsideDown UIInterfaceOrientationLandscapeLeft UIInterfaceOrientationLandscapeRight";
				INFOPLIST_KEY_UISupportedInterfaceOrientations_iPhone = "UIInterfaceOrientationPortrait UIInterfaceOrientationLandscapeLeft UIInterfaceOrientationLandscapeRight";
				IPHONEOS_DEPLOYMENT_TARGET = 16.0;
				LD_RUNPATH_SEARCH_PATHS = (
					"$(inherited)",
					"@executable_path/Frameworks",
				);
				MARKETING_VERSION = 1.0;
				PRODUCT_BUNDLE_IDENTIFIER = samu.Darkslide;
				PRODUCT_NAME = "$(TARGET_NAME)";
				SWIFT_EMIT_LOC_STRINGS = YES;
				SWIFT_VERSION = 5.0;
				TARGETED_DEVICE_FAMILY = "1,2";
			};
			name = Debug;
		};
		41429C5528C6750100F7B0D7 /* Release */ = {
			isa = XCBuildConfiguration;
			baseConfigurationReference = 84DA42AAE1E72FC5CF750E43 /* Pods-Darkslide.release.xcconfig */;
			buildSettings = {
				ASSETCATALOG_COMPILER_APPICON_NAME = AppIcon;
				ASSETCATALOG_COMPILER_GLOBAL_ACCENT_COLOR_NAME = AccentColor;
				CODE_SIGN_STYLE = Automatic;
				CURRENT_PROJECT_VERSION = 1;
				DEVELOPMENT_ASSET_PATHS = "\"Darkslide/Preview Content\"";
				DEVELOPMENT_TEAM = H96D2TP7LP;
				ENABLE_PREVIEWS = YES;
				GENERATE_INFOPLIST_FILE = YES;
				INFOPLIST_FILE = Darkslide/Info.plist;
				INFOPLIST_KEY_UIApplicationSceneManifest_Generation = YES;
				INFOPLIST_KEY_UIApplicationSupportsIndirectInputEvents = YES;
				INFOPLIST_KEY_UILaunchScreen_Generation = YES;
				INFOPLIST_KEY_UISupportedInterfaceOrientations_iPad = "UIInterfaceOrientationPortrait UIInterfaceOrientationPortraitUpsideDown UIInterfaceOrientationLandscapeLeft UIInterfaceOrientationLandscapeRight";
				INFOPLIST_KEY_UISupportedInterfaceOrientations_iPhone = "UIInterfaceOrientationPortrait UIInterfaceOrientationLandscapeLeft UIInterfaceOrientationLandscapeRight";
				IPHONEOS_DEPLOYMENT_TARGET = 16.0;
				LD_RUNPATH_SEARCH_PATHS = (
					"$(inherited)",
					"@executable_path/Frameworks",
				);
				MARKETING_VERSION = 1.0;
				PRODUCT_BUNDLE_IDENTIFIER = samu.Darkslide;
				PRODUCT_NAME = "$(TARGET_NAME)";
				SWIFT_EMIT_LOC_STRINGS = YES;
				SWIFT_VERSION = 5.0;
				TARGETED_DEVICE_FAMILY = "1,2";
			};
			name = Release;
		};
/* End XCBuildConfiguration section */

/* Begin XCConfigurationList section */
		41429C4028C6750000F7B0D7 /* Build configuration list for PBXProject "Darkslide" */ = {
			isa = XCConfigurationList;
			buildConfigurations = (
				41429C5128C6750100F7B0D7 /* Debug */,
				41429C5228C6750100F7B0D7 /* Release */,
			);
			defaultConfigurationIsVisible = 0;
			defaultConfigurationName = Release;
		};
		41429C5328C6750100F7B0D7 /* Build configuration list for PBXNativeTarget "Darkslide" */ = {
			isa = XCConfigurationList;
			buildConfigurations = (
				41429C5428C6750100F7B0D7 /* Debug */,
				41429C5528C6750100F7B0D7 /* Release */,
			);
			defaultConfigurationIsVisible = 0;
			defaultConfigurationName = Release;
		};
/* End XCConfigurationList section */
	};
	rootObject = 41429C3D28C6750000F7B0D7 /* Project object */;
}
